// !$*UTF8*$!
{
	archiveVersion = 1;
	classes = {
	};
	objectVersion = 50;
	objects = {

/* Begin PBXBuildFile section */
		8DD9C61B22B4652100581FE5 /* AppDelegate.swift in Sources */ = {isa = PBXBuildFile; fileRef = 8DD9C61A22B4652100581FE5 /* AppDelegate.swift */; };
		8DD9C62022B4652100581FE5 /* Main.storyboard in Resources */ = {isa = PBXBuildFile; fileRef = 8DD9C61E22B4652100581FE5 /* Main.storyboard */; };
		8DD9C62322B4652100581FE5 /* PersonUI.xcdatamodeld in Sources */ = {isa = PBXBuildFile; fileRef = 8DD9C62122B4652100581FE5 /* PersonUI.xcdatamodeld */; };
		8DD9C62522B4652100581FE5 /* Assets.xcassets in Resources */ = {isa = PBXBuildFile; fileRef = 8DD9C62422B4652100581FE5 /* Assets.xcassets */; };
		8DD9C62822B4652200581FE5 /* LaunchScreen.storyboard in Resources */ = {isa = PBXBuildFile; fileRef = 8DD9C62622B4652200581FE5 /* LaunchScreen.storyboard */; };
		8DD9C63322B4652200581FE5 /* PersonUIUITests.swift in Sources */ = {isa = PBXBuildFile; fileRef = 8DD9C63222B4652200581FE5 /* PersonUIUITests.swift */; };
		8DD9C63E22B4657E00581FE5 /* PersonUIViewController.swift in Sources */ = {isa = PBXBuildFile; fileRef = 8DD9C63D22B4657E00581FE5 /* PersonUIViewController.swift */; };
/* End PBXBuildFile section */

/* Begin PBXContainerItemProxy section */
		8DD9C62F22B4652200581FE5 /* PBXContainerItemProxy */ = {
			isa = PBXContainerItemProxy;
			containerPortal = 8DD9C60F22B4652100581FE5 /* Project object */;
			proxyType = 1;
			remoteGlobalIDString = 8DD9C61622B4652100581FE5;
			remoteInfo = PersonUI;
		};
/* End PBXContainerItemProxy section */

/* Begin PBXFileReference section */
		8DD9C61722B4652100581FE5 /* PersonUI.app */ = {isa = PBXFileReference; explicitFileType = wrapper.application; includeInIndex = 0; path = PersonUI.app; sourceTree = BUILT_PRODUCTS_DIR; };
		8DD9C61A22B4652100581FE5 /* AppDelegate.swift */ = {isa = PBXFileReference; lastKnownFileType = sourcecode.swift; path = AppDelegate.swift; sourceTree = "<group>"; };
		8DD9C61F22B4652100581FE5 /* Base */ = {isa = PBXFileReference; lastKnownFileType = file.storyboard; name = Base; path = Base.lproj/Main.storyboard; sourceTree = "<group>"; };
		8DD9C62222B4652100581FE5 /* PersonUI.xcdatamodel */ = {isa = PBXFileReference; lastKnownFileType = wrapper.xcdatamodel; path = PersonUI.xcdatamodel; sourceTree = "<group>"; };
		8DD9C62422B4652100581FE5 /* Assets.xcassets */ = {isa = PBXFileReference; lastKnownFileType = folder.assetcatalog; path = Assets.xcassets; sourceTree = "<group>"; };
		8DD9C62722B4652200581FE5 /* Base */ = {isa = PBXFileReference; lastKnownFileType = file.storyboard; name = Base; path = Base.lproj/LaunchScreen.storyboard; sourceTree = "<group>"; };
		8DD9C62922B4652200581FE5 /* Info.plist */ = {isa = PBXFileReference; lastKnownFileType = text.plist.xml; path = Info.plist; sourceTree = "<group>"; };
		8DD9C62E22B4652200581FE5 /* PersonUIUITests.xctest */ = {isa = PBXFileReference; explicitFileType = wrapper.cfbundle; includeInIndex = 0; path = PersonUIUITests.xctest; sourceTree = BUILT_PRODUCTS_DIR; };
		8DD9C63222B4652200581FE5 /* PersonUIUITests.swift */ = {isa = PBXFileReference; lastKnownFileType = sourcecode.swift; path = PersonUIUITests.swift; sourceTree = "<group>"; };
		8DD9C63422B4652200581FE5 /* Info.plist */ = {isa = PBXFileReference; lastKnownFileType = text.plist.xml; path = Info.plist; sourceTree = "<group>"; };
		8DD9C63D22B4657E00581FE5 /* PersonUIViewController.swift */ = {isa = PBXFileReference; lastKnownFileType = sourcecode.swift; path = PersonUIViewController.swift; sourceTree = "<group>"; };
/* End PBXFileReference section */

/* Begin PBXFrameworksBuildPhase section */
		8DD9C61422B4652100581FE5 /* Frameworks */ = {
			isa = PBXFrameworksBuildPhase;
			buildActionMask = 2147483647;
			files = (
			);
			runOnlyForDeploymentPostprocessing = 0;
		};
		8DD9C62B22B4652200581FE5 /* Frameworks */ = {
			isa = PBXFrameworksBuildPhase;
			buildActionMask = 2147483647;
			files = (
			);
			runOnlyForDeploymentPostprocessing = 0;
		};
/* End PBXFrameworksBuildPhase section */

/* Begin PBXGroup section */
		8DD9C60E22B4652100581FE5 = {
			isa = PBXGroup;
			children = (
				8DD9C61922B4652100581FE5 /* PersonUI */,
				8DD9C63122B4652200581FE5 /* PersonUIUITests */,
				8DD9C61822B4652100581FE5 /* Products */,
			);
			sourceTree = "<group>";
		};
		8DD9C61822B4652100581FE5 /* Products */ = {
			isa = PBXGroup;
			children = (
				8DD9C61722B4652100581FE5 /* PersonUI.app */,
				8DD9C62E22B4652200581FE5 /* PersonUIUITests.xctest */,
			);
			name = Products;
			sourceTree = "<group>";
		};
		8DD9C61922B4652100581FE5 /* PersonUI */ = {
			isa = PBXGroup;
			children = (
				8DD9C61A22B4652100581FE5 /* AppDelegate.swift */,
				8DD9C61E22B4652100581FE5 /* Main.storyboard */,
				8DD9C62422B4652100581FE5 /* Assets.xcassets */,
				8DD9C62622B4652200581FE5 /* LaunchScreen.storyboard */,
				8DD9C62922B4652200581FE5 /* Info.plist */,
				8DD9C62122B4652100581FE5 /* PersonUI.xcdatamodeld */,
				8DD9C63D22B4657E00581FE5 /* PersonUIViewController.swift */,
			);
			path = PersonUI;
			sourceTree = "<group>";
		};
		8DD9C63122B4652200581FE5 /* PersonUIUITests */ = {
			isa = PBXGroup;
			children = (
				8DD9C63222B4652200581FE5 /* PersonUIUITests.swift */,
				8DD9C63422B4652200581FE5 /* Info.plist */,
			);
			path = PersonUIUITests;
			sourceTree = "<group>";
		};
/* End PBXGroup section */

/* Begin PBXNativeTarget section */
		8DD9C61622B4652100581FE5 /* PersonUI */ = {
			isa = PBXNativeTarget;
			buildConfigurationList = 8DD9C63722B4652200581FE5 /* Build configuration list for PBXNativeTarget "PersonUI" */;
			buildPhases = (
				8DD9C61322B4652100581FE5 /* Sources */,
				8DD9C61422B4652100581FE5 /* Frameworks */,
				8DD9C61522B4652100581FE5 /* Resources */,
			);
			buildRules = (
			);
			dependencies = (
			);
			name = PersonUI;
			productName = PersonUI;
			productReference = 8DD9C61722B4652100581FE5 /* PersonUI.app */;
			productType = "com.apple.product-type.application";
		};
		8DD9C62D22B4652200581FE5 /* PersonUIUITests */ = {
			isa = PBXNativeTarget;
			buildConfigurationList = 8DD9C63A22B4652200581FE5 /* Build configuration list for PBXNativeTarget "PersonUIUITests" */;
			buildPhases = (
				8DD9C62A22B4652200581FE5 /* Sources */,
				8DD9C62B22B4652200581FE5 /* Frameworks */,
				8DD9C62C22B4652200581FE5 /* Resources */,
			);
			buildRules = (
			);
			dependencies = (
				8DD9C63022B4652200581FE5 /* PBXTargetDependency */,
			);
			name = PersonUIUITests;
			productName = PersonUIUITests;
			productReference = 8DD9C62E22B4652200581FE5 /* PersonUIUITests.xctest */;
			productType = "com.apple.product-type.bundle.ui-testing";
		};
/* End PBXNativeTarget section */

/* Begin PBXProject section */
		8DD9C60F22B4652100581FE5 /* Project object */ = {
			isa = PBXProject;
			attributes = {
				LastSwiftUpdateCheck = 1020;
				LastUpgradeCheck = 1020;
				ORGANIZATIONNAME = "Henry Sills";
				TargetAttributes = {
					8DD9C61622B4652100581FE5 = {
						CreatedOnToolsVersion = 10.2.1;
					};
					8DD9C62D22B4652200581FE5 = {
						CreatedOnToolsVersion = 10.2.1;
						TestTargetID = 8DD9C61622B4652100581FE5;
					};
				};
			};
			buildConfigurationList = 8DD9C61222B4652100581FE5 /* Build configuration list for PBXProject "PersonUI" */;
			compatibilityVersion = "Xcode 9.3";
			developmentRegion = en;
			hasScannedForEncodings = 0;
			knownRegions = (
				en,
				Base,
			);
			mainGroup = 8DD9C60E22B4652100581FE5;
			productRefGroup = 8DD9C61822B4652100581FE5 /* Products */;
			projectDirPath = "";
			projectRoot = "";
			targets = (
				8DD9C61622B4652100581FE5 /* PersonUI */,
				8DD9C62D22B4652200581FE5 /* PersonUIUITests */,
			);
		};
/* End PBXProject section */

/* Begin PBXResourcesBuildPhase section */
		8DD9C61522B4652100581FE5 /* Resources */ = {
			isa = PBXResourcesBuildPhase;
			buildActionMask = 2147483647;
			files = (
				8DD9C62822B4652200581FE5 /* LaunchScreen.storyboard in Resources */,
				8DD9C62522B4652100581FE5 /* Assets.xcassets in Resources */,
				8DD9C62022B4652100581FE5 /* Main.storyboard in Resources */,
			);
			runOnlyForDeploymentPostprocessing = 0;
		};
		8DD9C62C22B4652200581FE5 /* Resources */ = {
			isa = PBXResourcesBuildPhase;
			buildActionMask = 2147483647;
			files = (
			);
			runOnlyForDeploymentPostprocessing = 0;
		};
/* End PBXResourcesBuildPhase section */

/* Begin PBXSourcesBuildPhase section */
		8DD9C61322B4652100581FE5 /* Sources */ = {
			isa = PBXSourcesBuildPhase;
			buildActionMask = 2147483647;
			files = (
				8DD9C61B22B4652100581FE5 /* AppDelegate.swift in Sources */,
				8DD9C62322B4652100581FE5 /* PersonUI.xcdatamodeld in Sources */,
				8DD9C63E22B4657E00581FE5 /* PersonUIViewController.swift in Sources */,
			);
			runOnlyForDeploymentPostprocessing = 0;
		};
		8DD9C62A22B4652200581FE5 /* Sources */ = {
			isa = PBXSourcesBuildPhase;
			buildActionMask = 2147483647;
			files = (
				8DD9C63322B4652200581FE5 /* PersonUIUITests.swift in Sources */,
			);
			runOnlyForDeploymentPostprocessing = 0;
		};
/* End PBXSourcesBuildPhase section */

/* Begin PBXTargetDependency section */
		8DD9C63022B4652200581FE5 /* PBXTargetDependency */ = {
			isa = PBXTargetDependency;
			target = 8DD9C61622B4652100581FE5 /* PersonUI */;
			targetProxy = 8DD9C62F22B4652200581FE5 /* PBXContainerItemProxy */;
		};
/* End PBXTargetDependency section */

/* Begin PBXVariantGroup section */
		8DD9C61E22B4652100581FE5 /* Main.storyboard */ = {
			isa = PBXVariantGroup;
			children = (
				8DD9C61F22B4652100581FE5 /* Base */,
			);
			name = Main.storyboard;
			sourceTree = "<group>";
		};
		8DD9C62622B4652200581FE5 /* LaunchScreen.storyboard */ = {
			isa = PBXVariantGroup;
			children = (
				8DD9C62722B4652200581FE5 /* Base */,
			);
			name = LaunchScreen.storyboard;
			sourceTree = "<group>";
		};
/* End PBXVariantGroup section */

/* Begin XCBuildConfiguration section */
		8DD9C63522B4652200581FE5 /* Debug */ = {
			isa = XCBuildConfiguration;
			buildSettings = {
				ALWAYS_SEARCH_USER_PATHS = NO;
				CLANG_ANALYZER_NONNULL = YES;
				CLANG_ANALYZER_NUMBER_OBJECT_CONVERSION = YES_AGGRESSIVE;
				CLANG_CXX_LANGUAGE_STANDARD = "gnu++14";
				CLANG_CXX_LIBRARY = "libc++";
				CLANG_ENABLE_MODULES = YES;
				CLANG_ENABLE_OBJC_ARC = YES;
				CLANG_ENABLE_OBJC_WEAK = YES;
				CLANG_WARN_BLOCK_CAPTURE_AUTORELEASING = YES;
				CLANG_WARN_BOOL_CONVERSION = YES;
				CLANG_WARN_COMMA = YES;
				CLANG_WARN_CONSTANT_CONVERSION = YES;
				CLANG_WARN_DEPRECATED_OBJC_IMPLEMENTATIONS = YES;
				CLANG_WARN_DIRECT_OBJC_ISA_USAGE = YES_ERROR;
				CLANG_WARN_DOCUMENTATION_COMMENTS = YES;
				CLANG_WARN_EMPTY_BODY = YES;
				CLANG_WARN_ENUM_CONVERSION = YES;
				CLANG_WARN_INFINITE_RECURSION = YES;
				CLANG_WARN_INT_CONVERSION = YES;
				CLANG_WARN_NON_LITERAL_NULL_CONVERSION = YES;
				CLANG_WARN_OBJC_IMPLICIT_RETAIN_SELF = YES;
				CLANG_WARN_OBJC_LITERAL_CONVERSION = YES;
				CLANG_WARN_OBJC_ROOT_CLASS = YES_ERROR;
				CLANG_WARN_RANGE_LOOP_ANALYSIS = YES;
				CLANG_WARN_STRICT_PROTOTYPES = YES;
				CLANG_WARN_SUSPICIOUS_MOVE = YES;
				CLANG_WARN_UNGUARDED_AVAILABILITY = YES_AGGRESSIVE;
				CLANG_WARN_UNREACHABLE_CODE = YES;
				CLANG_WARN__DUPLICATE_METHOD_MATCH = YES;
				CODE_SIGN_IDENTITY = "iPhone Developer";
				COPY_PHASE_STRIP = NO;
				DEBUG_INFORMATION_FORMAT = dwarf;
				ENABLE_STRICT_OBJC_MSGSEND = YES;
				ENABLE_TESTABILITY = YES;
				GCC_C_LANGUAGE_STANDARD = gnu11;
				GCC_DYNAMIC_NO_PIC = NO;
				GCC_NO_COMMON_BLOCKS = YES;
				GCC_OPTIMIZATION_LEVEL = 0;
				GCC_PREPROCESSOR_DEFINITIONS = (
					"DEBUG=1",
					"$(inherited)",
				);
				GCC_WARN_64_TO_32_BIT_CONVERSION = YES;
				GCC_WARN_ABOUT_RETURN_TYPE = YES_ERROR;
				GCC_WARN_UNDECLARED_SELECTOR = YES;
				GCC_WARN_UNINITIALIZED_AUTOS = YES_AGGRESSIVE;
				GCC_WARN_UNUSED_FUNCTION = YES;
				GCC_WARN_UNUSED_VARIABLE = YES;
				IPHONEOS_DEPLOYMENT_TARGET = 12.2;
				MTL_ENABLE_DEBUG_INFO = INCLUDE_SOURCE;
				MTL_FAST_MATH = YES;
				ONLY_ACTIVE_ARCH = YES;
				SDKROOT = iphoneos;
				SWIFT_ACTIVE_COMPILATION_CONDITIONS = DEBUG;
				SWIFT_OPTIMIZATION_LEVEL = "-Onone";
			};
			name = Debug;
		};
		8DD9C63622B4652200581FE5 /* Release */ = {
			isa = XCBuildConfiguration;
			buildSettings = {
				ALWAYS_SEARCH_USER_PATHS = NO;
				CLANG_ANALYZER_NONNULL = YES;
				CLANG_ANALYZER_NUMBER_OBJECT_CONVERSION = YES_AGGRESSIVE;
				CLANG_CXX_LANGUAGE_STANDARD = "gnu++14";
				CLANG_CXX_LIBRARY = "libc++";
				CLANG_ENABLE_MODULES = YES;
				CLANG_ENABLE_OBJC_ARC = YES;
				CLANG_ENABLE_OBJC_WEAK = YES;
				CLANG_WARN_BLOCK_CAPTURE_AUTORELEASING = YES;
				CLANG_WARN_BOOL_CONVERSION = YES;
				CLANG_WARN_COMMA = YES;
				CLANG_WARN_CONSTANT_CONVERSION = YES;
				CLANG_WARN_DEPRECATED_OBJC_IMPLEMENTATIONS = YES;
				CLANG_WARN_DIRECT_OBJC_ISA_USAGE = YES_ERROR;
				CLANG_WARN_DOCUMENTATION_COMMENTS = YES;
				CLANG_WARN_EMPTY_BODY = YES;
				CLANG_WARN_ENUM_CONVERSION = YES;
				CLANG_WARN_INFINITE_RECURSION = YES;
				CLANG_WARN_INT_CONVERSION = YES;
				CLANG_WARN_NON_LITERAL_NULL_CONVERSION = YES;
				CLANG_WARN_OBJC_IMPLICIT_RETAIN_SELF = YES;
				CLANG_WARN_OBJC_LITERAL_CONVERSION = YES;
				CLANG_WARN_OBJC_ROOT_CLASS = YES_ERROR;
				CLANG_WARN_RANGE_LOOP_ANALYSIS = YES;
				CLANG_WARN_STRICT_PROTOTYPES = YES;
				CLANG_WARN_SUSPICIOUS_MOVE = YES;
				CLANG_WARN_UNGUARDED_AVAILABILITY = YES_AGGRESSIVE;
				CLANG_WARN_UNREACHABLE_CODE = YES;
				CLANG_WARN__DUPLICATE_METHOD_MATCH = YES;
				CODE_SIGN_IDENTITY = "iPhone Developer";
				COPY_PHASE_STRIP = NO;
				DEBUG_INFORMATION_FORMAT = "dwarf-with-dsym";
				ENABLE_NS_ASSERTIONS = NO;
				ENABLE_STRICT_OBJC_MSGSEND = YES;
				GCC_C_LANGUAGE_STANDARD = gnu11;
				GCC_NO_COMMON_BLOCKS = YES;
				GCC_WARN_64_TO_32_BIT_CONVERSION = YES;
				GCC_WARN_ABOUT_RETURN_TYPE = YES_ERROR;
				GCC_WARN_UNDECLARED_SELECTOR = YES;
				GCC_WARN_UNINITIALIZED_AUTOS = YES_AGGRESSIVE;
				GCC_WARN_UNUSED_FUNCTION = YES;
				GCC_WARN_UNUSED_VARIABLE = YES;
				IPHONEOS_DEPLOYMENT_TARGET = 12.2;
				MTL_ENABLE_DEBUG_INFO = NO;
				MTL_FAST_MATH = YES;
				SDKROOT = iphoneos;
				SWIFT_COMPILATION_MODE = wholemodule;
				SWIFT_OPTIMIZATION_LEVEL = "-O";
				VALIDATE_PRODUCT = YES;
			};
			name = Release;
		};
		8DD9C63822B4652200581FE5 /* Debug */ = {
			isa = XCBuildConfiguration;
			buildSettings = {
				ASSETCATALOG_COMPILER_APPICON_NAME = AppIcon;
				CODE_SIGN_STYLE = Automatic;
				DEVELOPMENT_TEAM = 627YPSFA5B;
				INFOPLIST_FILE = PersonUI/Info.plist;
				LD_RUNPATH_SEARCH_PATHS = (
					"$(inherited)",
					"@executable_path/Frameworks",
				);
				PRODUCT_BUNDLE_IDENTIFIER = edu.missouri.PersonUI;
				PRODUCT_NAME = "$(TARGET_NAME)";
				SWIFT_VERSION = 5.0;
				TARGETED_DEVICE_FAMILY = "1,2";
			};
			name = Debug;
		};
		8DD9C63922B4652200581FE5 /* Release */ = {
			isa = XCBuildConfiguration;
			buildSettings = {
				ASSETCATALOG_COMPILER_APPICON_NAME = AppIcon;
				CODE_SIGN_STYLE = Automatic;
				DEVELOPMENT_TEAM = 627YPSFA5B;
				INFOPLIST_FILE = PersonUI/Info.plist;
				LD_RUNPATH_SEARCH_PATHS = (
					"$(inherited)",
					"@executable_path/Frameworks",
				);
				PRODUCT_BUNDLE_IDENTIFIER = edu.missouri.PersonUI;
				PRODUCT_NAME = "$(TARGET_NAME)";
				SWIFT_VERSION = 5.0;
				TARGETED_DEVICE_FAMILY = "1,2";
			};
			name = Release;
		};
		8DD9C63B22B4652200581FE5 /* Debug */ = {
			isa = XCBuildConfiguration;
			buildSettings = {
				ALWAYS_EMBED_SWIFT_STANDARD_LIBRARIES = YES;
				CODE_SIGN_STYLE = Automatic;
				DEVELOPMENT_TEAM = 627YPSFA5B;
				INFOPLIST_FILE = PersonUIUITests/Info.plist;
				LD_RUNPATH_SEARCH_PATHS = (
					"$(inherited)",
					"@executable_path/Frameworks",
					"@loader_path/Frameworks",
				);
				PRODUCT_BUNDLE_IDENTIFIER = edu.missouri.PersonUIUITests;
				PRODUCT_NAME = "$(TARGET_NAME)";
				SWIFT_VERSION = 5.0;
				TARGETED_DEVICE_FAMILY = "1,2";
				TEST_TARGET_NAME = PersonUI;
			};
			name = Debug;
		};
		8DD9C63C22B4652200581FE5 /* Release */ = {
			isa = XCBuildConfiguration;
			buildSettings = {
				ALWAYS_EMBED_SWIFT_STANDARD_LIBRARIES = YES;
				CODE_SIGN_STYLE = Automatic;
				DEVELOPMENT_TEAM = 627YPSFA5B;
				INFOPLIST_FILE = PersonUIUITests/Info.plist;
				LD_RUNPATH_SEARCH_PATHS = (
					"$(inherited)",
					"@executable_path/Frameworks",
					"@loader_path/Frameworks",
				);
				PRODUCT_BUNDLE_IDENTIFIER = edu.missouri.PersonUIUITests;
				PRODUCT_NAME = "$(TARGET_NAME)";
				SWIFT_VERSION = 5.0;
				TARGETED_DEVICE_FAMILY = "1,2";
				TEST_TARGET_NAME = PersonUI;
			};
			name = Release;
		};
/* End XCBuildConfiguration section */

/* Begin XCConfigurationList section */
		8DD9C61222B4652100581FE5 /* Build configuration list for PBXProject "PersonUI" */ = {
			isa = XCConfigurationList;
			buildConfigurations = (
				8DD9C63522B4652200581FE5 /* Debug */,
				8DD9C63622B4652200581FE5 /* Release */,
			);
			defaultConfigurationIsVisible = 0;
			defaultConfigurationName = Release;
		};
		8DD9C63722B4652200581FE5 /* Build configuration list for PBXNativeTarget "PersonUI" */ = {
			isa = XCConfigurationList;
			buildConfigurations = (
				8DD9C63822B4652200581FE5 /* Debug */,
				8DD9C63922B4652200581FE5 /* Release */,
			);
			defaultConfigurationIsVisible = 0;
			defaultConfigurationName = Release;
		};
		8DD9C63A22B4652200581FE5 /* Build configuration list for PBXNativeTarget "PersonUIUITests" */ = {
			isa = XCConfigurationList;
			buildConfigurations = (
				8DD9C63B22B4652200581FE5 /* Debug */,
				8DD9C63C22B4652200581FE5 /* Release */,
			);
			defaultConfigurationIsVisible = 0;
			defaultConfigurationName = Release;
		};
/* End XCConfigurationList section */

/* Begin XCVersionGroup section */
		8DD9C62122B4652100581FE5 /* PersonUI.xcdatamodeld */ = {
			isa = XCVersionGroup;
			children = (
				8DD9C62222B4652100581FE5 /* PersonUI.xcdatamodel */,
			);
			currentVersion = 8DD9C62222B4652100581FE5 /* PersonUI.xcdatamodel */;
			path = PersonUI.xcdatamodeld;
			sourceTree = "<group>";
			versionGroupType = wrapper.xcdatamodel;
		};
/* End XCVersionGroup section */
	};
	rootObject = 8DD9C60F22B4652100581FE5 /* Project object */;
}
